
Microsoft Visual Studio Solution File, Format Version 12.00
# Visual Studio 15
VisualStudioVersion = 15.0.26124.0
MinimumVisualStudioVersion = 15.0.26124.0
Project("{2150E333-8FDC-42A3-9474-1A3956D46DE8}") = "src", "src", "{5B7EFBF8-0371-4103-9E20-A7774A3473CB}"
EndProject
Project("{9A19103F-16F7-4668-BE54-9A1E7A4F7556}") = "CSharpIs.Api", "src\CSharpIs.Api\CSharpIs.Api.csproj", "{98B962BE-3535-4369-8AED-74E4DB2190CD}"
EndProject
Project("{9A19103F-16F7-4668-BE54-9A1E7A4F7556}") = "CSharpIs.Domain.Data", "src\CSharpIs.Domain.Data\CSharpIs.Domain.Data.csproj", "{7E9C562E-03A1-40EF-9A1F-609EAE68BAE6}"
EndProject
Project("{9A19103F-16F7-4668-BE54-9A1E7A4F7556}") = "CSharpIs.Services", "src\CSharpIs.Services\CSharpIs.Services.csproj", "{0F9F9077-77C7-4C26-AF2C-3B99F57903CA}"
EndProject
Project("{9A19103F-16F7-4668-BE54-9A1E7A4F7556}") = "CSharpIs.Domain.DAL", "src\CSharpIs.Domain.DAL\CSharpIs.Domain.DAL.csproj", "{CA6CA17E-F59E-4E89-A76F-27D2E23C24FC}"
EndProject
Project("{2150E333-8FDC-42A3-9474-1A3956D46DE8}") = "Testing", "Testing", "{E89772AB-F973-4F73-BF76-55C59A576F65}"
EndProject
Project("{9A19103F-16F7-4668-BE54-9A1E7A4F7556}") = "CSharpIs.Testing.Unit", "src\CSharpIs.Testing.Unit\CSharpIs.Testing.Unit.csproj", "{01C242DE-28C8-4CE6-98B9-47F8F61353F5}"
EndProject
Project("{9A19103F-16F7-4668-BE54-9A1E7A4F7556}") = "CSharpIs.Testing.Integration", "src\CSharpIs.Testing.Integration\CSharpIs.Testing.Integration.csproj", "{107BE414-4C61-4956-A850-4731945F0AD0}"
EndProject
Project("{2150E333-8FDC-42A3-9474-1A3956D46DE8}") = "Clients", "Clients", "{BF4E13A1-7D35-47CB-9FA1-3C7CDA3D5257}"
EndProject
Project("{2150E333-8FDC-42A3-9474-1A3956D46DE8}") = "Domain", "Domain", "{56E299AD-BD79-457F-B491-EC8C30A9AD71}"
EndProject
Global
	GlobalSection(SolutionConfigurationPlatforms) = preSolution
		Debug|Any CPU = Debug|Any CPU
		Debug|x64 = Debug|x64
		Debug|x86 = Debug|x86
		Release|Any CPU = Release|Any CPU
		Release|x64 = Release|x64
		Release|x86 = Release|x86
	EndGlobalSection
	GlobalSection(ProjectConfigurationPlatforms) = postSolution
		{98B962BE-3535-4369-8AED-74E4DB2190CD}.Debug|Any CPU.ActiveCfg = Debug|Any CPU
		{98B962BE-3535-4369-8AED-74E4DB2190CD}.Debug|Any CPU.Build.0 = Debug|Any CPU
		{98B962BE-3535-4369-8AED-74E4DB2190CD}.Debug|x64.ActiveCfg = Debug|Any CPU
		{98B962BE-3535-4369-8AED-74E4DB2190CD}.Debug|x64.Build.0 = Debug|Any CPU
		{98B962BE-3535-4369-8AED-74E4DB2190CD}.Debug|x86.ActiveCfg = Debug|Any CPU
		{98B962BE-3535-4369-8AED-74E4DB2190CD}.Debug|x86.Build.0 = Debug|Any CPU
		{98B962BE-3535-4369-8AED-74E4DB2190CD}.Release|Any CPU.ActiveCfg = Release|Any CPU
		{98B962BE-3535-4369-8AED-74E4DB2190CD}.Release|Any CPU.Build.0 = Release|Any CPU
		{98B962BE-3535-4369-8AED-74E4DB2190CD}.Release|x64.ActiveCfg = Release|Any CPU
		{98B962BE-3535-4369-8AED-74E4DB2190CD}.Release|x64.Build.0 = Release|Any CPU
		{98B962BE-3535-4369-8AED-74E4DB2190CD}.Release|x86.ActiveCfg = Release|Any CPU
		{98B962BE-3535-4369-8AED-74E4DB2190CD}.Release|x86.Build.0 = Release|Any CPU
		{7E9C562E-03A1-40EF-9A1F-609EAE68BAE6}.Debug|Any CPU.ActiveCfg = Debug|Any CPU
		{7E9C562E-03A1-40EF-9A1F-609EAE68BAE6}.Debug|Any CPU.Build.0 = Debug|Any CPU
		{7E9C562E-03A1-40EF-9A1F-609EAE68BAE6}.Debug|x64.ActiveCfg = Debug|Any CPU
		{7E9C562E-03A1-40EF-9A1F-609EAE68BAE6}.Debug|x64.Build.0 = Debug|Any CPU
		{7E9C562E-03A1-40EF-9A1F-609EAE68BAE6}.Debug|x86.ActiveCfg = Debug|Any CPU
		{7E9C562E-03A1-40EF-9A1F-609EAE68BAE6}.Debug|x86.Build.0 = Debug|Any CPU
		{7E9C562E-03A1-40EF-9A1F-609EAE68BAE6}.Release|Any CPU.ActiveCfg = Release|Any CPU
		{7E9C562E-03A1-40EF-9A1F-609EAE68BAE6}.Release|Any CPU.Build.0 = Release|Any CPU
		{7E9C562E-03A1-40EF-9A1F-609EAE68BAE6}.Release|x64.ActiveCfg = Release|Any CPU
		{7E9C562E-03A1-40EF-9A1F-609EAE68BAE6}.Release|x64.Build.0 = Release|Any CPU
		{7E9C562E-03A1-40EF-9A1F-609EAE68BAE6}.Release|x86.ActiveCfg = Release|Any CPU
		{7E9C562E-03A1-40EF-9A1F-609EAE68BAE6}.Release|x86.Build.0 = Release|Any CPU
		{0F9F9077-77C7-4C26-AF2C-3B99F57903CA}.Debug|Any CPU.ActiveCfg = Debug|Any CPU
		{0F9F9077-77C7-4C26-AF2C-3B99F57903CA}.Debug|Any CPU.Build.0 = Debug|Any CPU
		{0F9F9077-77C7-4C26-AF2C-3B99F57903CA}.Debug|x64.ActiveCfg = Debug|Any CPU
		{0F9F9077-77C7-4C26-AF2C-3B99F57903CA}.Debug|x64.Build.0 = Debug|Any CPU
		{0F9F9077-77C7-4C26-AF2C-3B99F57903CA}.Debug|x86.ActiveCfg = Debug|Any CPU
		{0F9F9077-77C7-4C26-AF2C-3B99F57903CA}.Debug|x86.Build.0 = Debug|Any CPU
		{0F9F9077-77C7-4C26-AF2C-3B99F57903CA}.Release|Any CPU.ActiveCfg = Release|Any CPU
		{0F9F9077-77C7-4C26-AF2C-3B99F57903CA}.Release|Any CPU.Build.0 = Release|Any CPU
		{0F9F9077-77C7-4C26-AF2C-3B99F57903CA}.Release|x64.ActiveCfg = Release|Any CPU
		{0F9F9077-77C7-4C26-AF2C-3B99F57903CA}.Release|x64.Build.0 = Release|Any CPU
		{0F9F9077-77C7-4C26-AF2C-3B99F57903CA}.Release|x86.ActiveCfg = Release|Any CPU
		{0F9F9077-77C7-4C26-AF2C-3B99F57903CA}.Release|x86.Build.0 = Release|Any CPU
		{CA6CA17E-F59E-4E89-A76F-27D2E23C24FC}.Debug|Any CPU.ActiveCfg = Debug|Any CPU
		{CA6CA17E-F59E-4E89-A76F-27D2E23C24FC}.Debug|Any CPU.Build.0 = Debug|Any CPU
		{CA6CA17E-F59E-4E89-A76F-27D2E23C24FC}.Debug|x64.ActiveCfg = Debug|Any CPU
		{CA6CA17E-F59E-4E89-A76F-27D2E23C24FC}.Debug|x64.Build.0 = Debug|Any CPU
		{CA6CA17E-F59E-4E89-A76F-27D2E23C24FC}.Debug|x86.ActiveCfg = Debug|Any CPU
		{CA6CA17E-F59E-4E89-A76F-27D2E23C24FC}.Debug|x86.Build.0 = Debug|Any CPU
		{CA6CA17E-F59E-4E89-A76F-27D2E23C24FC}.Release|Any CPU.ActiveCfg = Release|Any CPU
		{CA6CA17E-F59E-4E89-A76F-27D2E23C24FC}.Release|Any CPU.Build.0 = Release|Any CPU
		{CA6CA17E-F59E-4E89-A76F-27D2E23C24FC}.Release|x64.ActiveCfg = Release|Any CPU
		{CA6CA17E-F59E-4E89-A76F-27D2E23C24FC}.Release|x64.Build.0 = Release|Any CPU
		{CA6CA17E-F59E-4E89-A76F-27D2E23C24FC}.Release|x86.ActiveCfg = Release|Any CPU
		{CA6CA17E-F59E-4E89-A76F-27D2E23C24FC}.Release|x86.Build.0 = Release|Any CPU
		{01C242DE-28C8-4CE6-98B9-47F8F61353F5}.Debug|Any CPU.ActiveCfg = Debug|Any CPU
		{01C242DE-28C8-4CE6-98B9-47F8F61353F5}.Debug|Any CPU.Build.0 = Debug|Any CPU
		{01C242DE-28C8-4CE6-98B9-47F8F61353F5}.Debug|x64.ActiveCfg = Debug|Any CPU
		{01C242DE-28C8-4CE6-98B9-47F8F61353F5}.Debug|x64.Build.0 = Debug|Any CPU
		{01C242DE-28C8-4CE6-98B9-47F8F61353F5}.Debug|x86.ActiveCfg = Debug|Any CPU
		{01C242DE-28C8-4CE6-98B9-47F8F61353F5}.Debug|x86.Build.0 = Debug|Any CPU
		{01C242DE-28C8-4CE6-98B9-47F8F61353F5}.Release|Any CPU.ActiveCfg = Release|Any CPU
		{01C242DE-28C8-4CE6-98B9-47F8F61353F5}.Release|Any CPU.Build.0 = Release|Any CPU
		{01C242DE-28C8-4CE6-98B9-47F8F61353F5}.Release|x64.ActiveCfg = Release|Any CPU
		{01C242DE-28C8-4CE6-98B9-47F8F61353F5}.Release|x64.Build.0 = Release|Any CPU
		{01C242DE-28C8-4CE6-98B9-47F8F61353F5}.Release|x86.ActiveCfg = Release|Any CPU
		{01C242DE-28C8-4CE6-98B9-47F8F61353F5}.Release|x86.Build.0 = Release|Any CPU
		{107BE414-4C61-4956-A850-4731945F0AD0}.Debug|Any CPU.ActiveCfg = Debug|Any CPU
		{107BE414-4C61-4956-A850-4731945F0AD0}.Debug|Any CPU.Build.0 = Debug|Any CPU
		{107BE414-4C61-4956-A850-4731945F0AD0}.Debug|x64.ActiveCfg = Debug|Any CPU
		{107BE414-4C61-4956-A850-4731945F0AD0}.Debug|x64.Build.0 = Debug|Any CPU
		{107BE414-4C61-4956-A850-4731945F0AD0}.Debug|x86.ActiveCfg = Debug|Any CPU
		{107BE414-4C61-4956-A850-4731945F0AD0}.Debug|x86.Build.0 = Debug|Any CPU
		{107BE414-4C61-4956-A850-4731945F0AD0}.Release|Any CPU.ActiveCfg = Release|Any CPU
		{107BE414-4C61-4956-A850-4731945F0AD0}.Release|Any CPU.Build.0 = Release|Any CPU
		{107BE414-4C61-4956-A850-4731945F0AD0}.Release|x64.ActiveCfg = Release|Any CPU
		{107BE414-4C61-4956-A850-4731945F0AD0}.Release|x64.Build.0 = Release|Any CPU
		{107BE414-4C61-4956-A850-4731945F0AD0}.Release|x86.ActiveCfg = Release|Any CPU
		{107BE414-4C61-4956-A850-4731945F0AD0}.Release|x86.Build.0 = Release|Any CPU
	EndGlobalSection
	GlobalSection(SolutionProperties) = preSolution
		HideSolutionNode = FALSE
	EndGlobalSection
	GlobalSection(NestedProjects) = preSolution
		{98B962BE-3535-4369-8AED-74E4DB2190CD} = {BF4E13A1-7D35-47CB-9FA1-3C7CDA3D5257}
		{7E9C562E-03A1-40EF-9A1F-609EAE68BAE6} = {56E299AD-BD79-457F-B491-EC8C30A9AD71}
		{0F9F9077-77C7-4C26-AF2C-3B99F57903CA} = {56E299AD-BD79-457F-B491-EC8C30A9AD71}
		{CA6CA17E-F59E-4E89-A76F-27D2E23C24FC} = {56E299AD-BD79-457F-B491-EC8C30A9AD71}
		{E89772AB-F973-4F73-BF76-55C59A576F65} = {5B7EFBF8-0371-4103-9E20-A7774A3473CB}
		{01C242DE-28C8-4CE6-98B9-47F8F61353F5} = {E89772AB-F973-4F73-BF76-55C59A576F65}
		{107BE414-4C61-4956-A850-4731945F0AD0} = {E89772AB-F973-4F73-BF76-55C59A576F65}
		{BF4E13A1-7D35-47CB-9FA1-3C7CDA3D5257} = {5B7EFBF8-0371-4103-9E20-A7774A3473CB}
		{56E299AD-BD79-457F-B491-EC8C30A9AD71} = {5B7EFBF8-0371-4103-9E20-A7774A3473CB}
	EndGlobalSection
	GlobalSection(ExtensibilityGlobals) = postSolution
		SolutionGuid = {60703460-395A-4AED-9ADA-DD9E1D70D5E6}
	EndGlobalSection
EndGlobal
